// !$*UTF8*$!
{
	archiveVersion = 1;
	classes = {
	};
	objectVersion = 56;
	objects = {

/* Begin PBXBuildFile section */
		CEFC5B5CE3C9F1218722F6C5 /* Pods_IaroshenkoHomework2.framework in Frameworks */ = {isa = PBXBuildFile; fileRef = 459550EFC8F20090CAAA6F5A /* Pods_IaroshenkoHomework2.framework */; };
		FEC39A4029390C8100948C72 /* IaroshenkoHomework2.h in Headers */ = {isa = PBXBuildFile; fileRef = FEC39A3F29390C8100948C72 /* IaroshenkoHomework2.h */; settings = {ATTRIBUTES = (Public, ); }; };
		FEC39A4829390CAB00948C72 /* SnapKit in Frameworks */ = {isa = PBXBuildFile; productRef = FEC39A4729390CAB00948C72 /* SnapKit */; };
		FEC39A4A29390CD700948C72 /* HomeViewController.swift in Sources */ = {isa = PBXBuildFile; fileRef = FEC39A4929390CD700948C72 /* HomeViewController.swift */; };
		FEC39A4C293A1DF900948C72 /* Media.xcassets in Resources */ = {isa = PBXBuildFile; fileRef = FEC39A4B293A1DF900948C72 /* Media.xcassets */; };
		FEC39A71293A7A0000948C72 /* OtusHomework in Frameworks */ = {isa = PBXBuildFile; productRef = FEC39A70293A7A0000948C72 /* OtusHomework */; };
/* End PBXBuildFile section */

/* Begin PBXFileReference section */
		15E80C536AE18E5DB33A0851 /* Pods-IaroshenkoHomework2.release.xcconfig */ = {isa = PBXFileReference; includeInIndex = 1; lastKnownFileType = text.xcconfig; name = "Pods-IaroshenkoHomework2.release.xcconfig"; path = "Target Support Files/Pods-IaroshenkoHomework2/Pods-IaroshenkoHomework2.release.xcconfig"; sourceTree = "<group>"; };
		459550EFC8F20090CAAA6F5A /* Pods_IaroshenkoHomework2.framework */ = {isa = PBXFileReference; explicitFileType = wrapper.framework; includeInIndex = 0; path = Pods_IaroshenkoHomework2.framework; sourceTree = BUILT_PRODUCTS_DIR; };
		EB0FFB0B305300C05B12FEB2 /* Pods-IaroshenkoHomework2.debug.xcconfig */ = {isa = PBXFileReference; includeInIndex = 1; lastKnownFileType = text.xcconfig; name = "Pods-IaroshenkoHomework2.debug.xcconfig"; path = "Target Support Files/Pods-IaroshenkoHomework2/Pods-IaroshenkoHomework2.debug.xcconfig"; sourceTree = "<group>"; };
		FEC39A3C29390C8100948C72 /* IaroshenkoHomework2.framework */ = {isa = PBXFileReference; explicitFileType = wrapper.framework; includeInIndex = 0; path = IaroshenkoHomework2.framework; sourceTree = BUILT_PRODUCTS_DIR; };
		FEC39A3F29390C8100948C72 /* IaroshenkoHomework2.h */ = {isa = PBXFileReference; lastKnownFileType = sourcecode.c.h; path = IaroshenkoHomework2.h; sourceTree = "<group>"; };
		FEC39A4929390CD700948C72 /* HomeViewController.swift */ = {isa = PBXFileReference; lastKnownFileType = sourcecode.swift; path = HomeViewController.swift; sourceTree = "<group>"; };
		FEC39A4B293A1DF900948C72 /* Media.xcassets */ = {isa = PBXFileReference; lastKnownFileType = folder.assetcatalog; path = Media.xcassets; sourceTree = "<group>"; };
/* End PBXFileReference section */

/* Begin PBXFrameworksBuildPhase section */
		FEC39A3929390C8100948C72 /* Frameworks */ = {
			isa = PBXFrameworksBuildPhase;
			buildActionMask = 2147483647;
			files = (
				FEC39A4829390CAB00948C72 /* SnapKit in Frameworks */,
				CEFC5B5CE3C9F1218722F6C5 /* Pods_IaroshenkoHomework2.framework in Frameworks */,
				FEC39A71293A7A0000948C72 /* OtusHomework in Frameworks */,
			);
			runOnlyForDeploymentPostprocessing = 0;
		};
/* End PBXFrameworksBuildPhase section */

/* Begin PBXGroup section */
		036C6254107BBA2F7AE6F515 /* Pods */ = {
			isa = PBXGroup;
			children = (
				EB0FFB0B305300C05B12FEB2 /* Pods-IaroshenkoHomework2.debug.xcconfig */,
				15E80C536AE18E5DB33A0851 /* Pods-IaroshenkoHomework2.release.xcconfig */,
			);
			path = Pods;
			sourceTree = "<group>";
		};
		369CAF5C9A5BBADD0AC995CE /* Frameworks */ = {
			isa = PBXGroup;
			children = (
				459550EFC8F20090CAAA6F5A /* Pods_IaroshenkoHomework2.framework */,
			);
			name = Frameworks;
			sourceTree = "<group>";
		};
		FEC39A3229390C8100948C72 = {
			isa = PBXGroup;
			children = (
				FEC39A3E29390C8100948C72 /* IaroshenkoHomework2 */,
				FEC39A3D29390C8100948C72 /* Products */,
				036C6254107BBA2F7AE6F515 /* Pods */,
				369CAF5C9A5BBADD0AC995CE /* Frameworks */,
			);
			sourceTree = "<group>";
		};
		FEC39A3D29390C8100948C72 /* Products */ = {
			isa = PBXGroup;
			children = (
				FEC39A3C29390C8100948C72 /* IaroshenkoHomework2.framework */,
			);
			name = Products;
			sourceTree = "<group>";
		};
		FEC39A3E29390C8100948C72 /* IaroshenkoHomework2 */ = {
			isa = PBXGroup;
			children = (
				FEC39A3F29390C8100948C72 /* IaroshenkoHomework2.h */,
				FEC39A4929390CD700948C72 /* HomeViewController.swift */,
				FEC39A4B293A1DF900948C72 /* Media.xcassets */,
			);
			path = IaroshenkoHomework2;
			sourceTree = "<group>";
		};
/* End PBXGroup section */

/* Begin PBXHeadersBuildPhase section */
		FEC39A3729390C8100948C72 /* Headers */ = {
			isa = PBXHeadersBuildPhase;
			buildActionMask = 2147483647;
			files = (
				FEC39A4029390C8100948C72 /* IaroshenkoHomework2.h in Headers */,
			);
			runOnlyForDeploymentPostprocessing = 0;
		};
/* End PBXHeadersBuildPhase section */

/* Begin PBXNativeTarget section */
		FEC39A3B29390C8100948C72 /* IaroshenkoHomework2 */ = {
			isa = PBXNativeTarget;
			buildConfigurationList = FEC39A4329390C8100948C72 /* Build configuration list for PBXNativeTarget "IaroshenkoHomework2" */;
			buildPhases = (
				EA0909FD4534007DAEB27E9D /* [CP] Check Pods Manifest.lock */,
				FEC39A3729390C8100948C72 /* Headers */,
				FEC39A3829390C8100948C72 /* Sources */,
				FEC39A3929390C8100948C72 /* Frameworks */,
				FEC39A3A29390C8100948C72 /* Resources */,
			);
			buildRules = (
			);
			dependencies = (
			);
			name = IaroshenkoHomework2;
			packageProductDependencies = (
				FEC39A4729390CAB00948C72 /* SnapKit */,
				FEC39A70293A7A0000948C72 /* OtusHomework */,
			);
			productName = IaroshenkoHomework2;
			productReference = FEC39A3C29390C8100948C72 /* IaroshenkoHomework2.framework */;
			productType = "com.apple.product-type.framework";
		};
/* End PBXNativeTarget section */

/* Begin PBXProject section */
		FEC39A3329390C8100948C72 /* Project object */ = {
			isa = PBXProject;
			attributes = {
				BuildIndependentTargetsInParallel = 1;
				LastUpgradeCheck = 1400;
				TargetAttributes = {
					FEC39A3B29390C8100948C72 = {
						CreatedOnToolsVersion = 14.0.1;
						LastSwiftMigration = 1400;
					};
				};
			};
			buildConfigurationList = FEC39A3629390C8100948C72 /* Build configuration list for PBXProject "IaroshenkoHomework2" */;
			compatibilityVersion = "Xcode 14.0";
			developmentRegion = en;
			hasScannedForEncodings = 0;
			knownRegions = (
				en,
				Base,
			);
			mainGroup = FEC39A3229390C8100948C72;
			packageReferences = (
				FEC39A4629390CAB00948C72 /* XCRemoteSwiftPackageReference "SnapKit" */,
				FEC39A6F293A7A0000948C72 /* XCRemoteSwiftPackageReference "OtusHomework" */,
			);
			productRefGroup = FEC39A3D29390C8100948C72 /* Products */;
			projectDirPath = "";
			projectRoot = "";
			targets = (
				FEC39A3B29390C8100948C72 /* IaroshenkoHomework2 */,
			);
		};
/* End PBXProject section */

/* Begin PBXResourcesBuildPhase section */
		FEC39A3A29390C8100948C72 /* Resources */ = {
			isa = PBXResourcesBuildPhase;
			buildActionMask = 2147483647;
			files = (
				FEC39A4C293A1DF900948C72 /* Media.xcassets in Resources */,
			);
			runOnlyForDeploymentPostprocessing = 0;
		};
/* End PBXResourcesBuildPhase section */

/* Begin PBXShellScriptBuildPhase section */
		EA0909FD4534007DAEB27E9D /* [CP] Check Pods Manifest.lock */ = {
			isa = PBXShellScriptBuildPhase;
			buildActionMask = 2147483647;
			files = (
			);
			inputFileListPaths = (
			);
			inputPaths = (
				"${PODS_PODFILE_DIR_PATH}/Podfile.lock",
				"${PODS_ROOT}/Manifest.lock",
			);
			name = "[CP] Check Pods Manifest.lock";
			outputFileListPaths = (
			);
			outputPaths = (
				"$(DERIVED_FILE_DIR)/Pods-IaroshenkoHomework2-checkManifestLockResult.txt",
			);
			runOnlyForDeploymentPostprocessing = 0;
			shellPath = /bin/sh;
			shellScript = "diff \"${PODS_PODFILE_DIR_PATH}/Podfile.lock\" \"${PODS_ROOT}/Manifest.lock\" > /dev/null\nif [ $? != 0 ] ; then\n    # print error to STDERR\n    echo \"error: The sandbox is not in sync with the Podfile.lock. Run 'pod install' or update your CocoaPods installation.\" >&2\n    exit 1\nfi\n# This output is used by Xcode 'outputs' to avoid re-running this script phase.\necho \"SUCCESS\" > \"${SCRIPT_OUTPUT_FILE_0}\"\n";
			showEnvVarsInLog = 0;
		};
/* End PBXShellScriptBuildPhase section */

/* Begin PBXSourcesBuildPhase section */
		FEC39A3829390C8100948C72 /* Sources */ = {
			isa = PBXSourcesBuildPhase;
			buildActionMask = 2147483647;
			files = (
				FEC39A4A29390CD700948C72 /* HomeViewController.swift in Sources */,
			);
			runOnlyForDeploymentPostprocessing = 0;
		};
/* End PBXSourcesBuildPhase section */

/* Begin XCBuildConfiguration section */
		FEC39A4129390C8100948C72 /* Debug */ = {
			isa = XCBuildConfiguration;
			buildSettings = {
				ALWAYS_SEARCH_USER_PATHS = NO;
				CLANG_ANALYZER_NONNULL = YES;
				CLANG_ANALYZER_NUMBER_OBJECT_CONVERSION = YES_AGGRESSIVE;
				CLANG_CXX_LANGUAGE_STANDARD = "gnu++20";
				CLANG_ENABLE_MODULES = YES;
				CLANG_ENABLE_OBJC_ARC = YES;
				CLANG_ENABLE_OBJC_WEAK = YES;
				CLANG_WARN_BLOCK_CAPTURE_AUTORELEASING = YES;
				CLANG_WARN_BOOL_CONVERSION = YES;
				CLANG_WARN_COMMA = YES;
				CLANG_WARN_CONSTANT_CONVERSION = YES;
				CLANG_WARN_DEPRECATED_OBJC_IMPLEMENTATIONS = YES;
				CLANG_WARN_DIRECT_OBJC_ISA_USAGE = YES_ERROR;
				CLANG_WARN_DOCUMENTATION_COMMENTS = YES;
				CLANG_WARN_EMPTY_BODY = YES;
				CLANG_WARN_ENUM_CONVERSION = YES;
				CLANG_WARN_INFINITE_RECURSION = YES;
				CLANG_WARN_INT_CONVERSION = YES;
				CLANG_WARN_NON_LITERAL_NULL_CONVERSION = YES;
				CLANG_WARN_OBJC_IMPLICIT_RETAIN_SELF = YES;
				CLANG_WARN_OBJC_LITERAL_CONVERSION = YES;
				CLANG_WARN_OBJC_ROOT_CLASS = YES_ERROR;
				CLANG_WARN_QUOTED_INCLUDE_IN_FRAMEWORK_HEADER = YES;
				CLANG_WARN_RANGE_LOOP_ANALYSIS = YES;
				CLANG_WARN_STRICT_PROTOTYPES = YES;
				CLANG_WARN_SUSPICIOUS_MOVE = YES;
				CLANG_WARN_UNGUARDED_AVAILABILITY = YES_AGGRESSIVE;
				CLANG_WARN_UNREACHABLE_CODE = YES;
				CLANG_WARN__DUPLICATE_METHOD_MATCH = YES;
				COPY_PHASE_STRIP = NO;
				CURRENT_PROJECT_VERSION = 1;
				DEBUG_INFORMATION_FORMAT = dwarf;
				ENABLE_STRICT_OBJC_MSGSEND = YES;
				ENABLE_TESTABILITY = YES;
				GCC_C_LANGUAGE_STANDARD = gnu11;
				GCC_DYNAMIC_NO_PIC = NO;
				GCC_NO_COMMON_BLOCKS = YES;
				GCC_OPTIMIZATION_LEVEL = 0;
				GCC_PREPROCESSOR_DEFINITIONS = (
					"DEBUG=1",
					"$(inherited)",
				);
				GCC_WARN_64_TO_32_BIT_CONVERSION = YES;
				GCC_WARN_ABOUT_RETURN_TYPE = YES_ERROR;
				GCC_WARN_UNDECLARED_SELECTOR = YES;
				GCC_WARN_UNINITIALIZED_AUTOS = YES_AGGRESSIVE;
				GCC_WARN_UNUSED_FUNCTION = YES;
				GCC_WARN_UNUSED_VARIABLE = YES;
				IPHONEOS_DEPLOYMENT_TARGET = 13.0;
				MTL_ENABLE_DEBUG_INFO = INCLUDE_SOURCE;
				MTL_FAST_MATH = YES;
				ONLY_ACTIVE_ARCH = YES;
				SDKROOT = iphoneos;
				SWIFT_ACTIVE_COMPILATION_CONDITIONS = DEBUG;
				SWIFT_OPTIMIZATION_LEVEL = "-Onone";
				VERSIONING_SYSTEM = "apple-generic";
				VERSION_INFO_PREFIX = "";
			};
			name = Debug;
		};
		FEC39A4229390C8100948C72 /* Release */ = {
			isa = XCBuildConfiguration;
			buildSettings = {
				ALWAYS_SEARCH_USER_PATHS = NO;
				CLANG_ANALYZER_NONNULL = YES;
				CLANG_ANALYZER_NUMBER_OBJECT_CONVERSION = YES_AGGRESSIVE;
				CLANG_CXX_LANGUAGE_STANDARD = "gnu++20";
				CLANG_ENABLE_MODULES = YES;
				CLANG_ENABLE_OBJC_ARC = YES;
				CLANG_ENABLE_OBJC_WEAK = YES;
				CLANG_WARN_BLOCK_CAPTURE_AUTORELEASING = YES;
				CLANG_WARN_BOOL_CONVERSION = YES;
				CLANG_WARN_COMMA = YES;
				CLANG_WARN_CONSTANT_CONVERSION = YES;
				CLANG_WARN_DEPRECATED_OBJC_IMPLEMENTATIONS = YES;
				CLANG_WARN_DIRECT_OBJC_ISA_USAGE = YES_ERROR;
				CLANG_WARN_DOCUMENTATION_COMMENTS = YES;
				CLANG_WARN_EMPTY_BODY = YES;
				CLANG_WARN_ENUM_CONVERSION = YES;
				CLANG_WARN_INFINITE_RECURSION = YES;
				CLANG_WARN_INT_CONVERSION = YES;
				CLANG_WARN_NON_LITERAL_NULL_CONVERSION = YES;
				CLANG_WARN_OBJC_IMPLICIT_RETAIN_SELF = YES;
				CLANG_WARN_OBJC_LITERAL_CONVERSION = YES;
				CLANG_WARN_OBJC_ROOT_CLASS = YES_ERROR;
				CLANG_WARN_QUOTED_INCLUDE_IN_FRAMEWORK_HEADER = YES;
				CLANG_WARN_RANGE_LOOP_ANALYSIS = YES;
				CLANG_WARN_STRICT_PROTOTYPES = YES;
				CLANG_WARN_SUSPICIOUS_MOVE = YES;
				CLANG_WARN_UNGUARDED_AVAILABILITY = YES_AGGRESSIVE;
				CLANG_WARN_UNREACHABLE_CODE = YES;
				CLANG_WARN__DUPLICATE_METHOD_MATCH = YES;
				COPY_PHASE_STRIP = NO;
				CURRENT_PROJECT_VERSION = 1;
				DEBUG_INFORMATION_FORMAT = "dwarf-with-dsym";
				ENABLE_NS_ASSERTIONS = NO;
				ENABLE_STRICT_OBJC_MSGSEND = YES;
				GCC_C_LANGUAGE_STANDARD = gnu11;
				GCC_NO_COMMON_BLOCKS = YES;
				GCC_WARN_64_TO_32_BIT_CONVERSION = YES;
				GCC_WARN_ABOUT_RETURN_TYPE = YES_ERROR;
				GCC_WARN_UNDECLARED_SELECTOR = YES;
				GCC_WARN_UNINITIALIZED_AUTOS = YES_AGGRESSIVE;
				GCC_WARN_UNUSED_FUNCTION = YES;
				GCC_WARN_UNUSED_VARIABLE = YES;
				IPHONEOS_DEPLOYMENT_TARGET = 13.0;
				MTL_ENABLE_DEBUG_INFO = NO;
				MTL_FAST_MATH = YES;
				SDKROOT = iphoneos;
				SWIFT_COMPILATION_MODE = wholemodule;
				SWIFT_OPTIMIZATION_LEVEL = "-O";
				VALIDATE_PRODUCT = YES;
				VERSIONING_SYSTEM = "apple-generic";
				VERSION_INFO_PREFIX = "";
			};
			name = Release;
		};
		FEC39A4429390C8100948C72 /* Debug */ = {
			isa = XCBuildConfiguration;
			baseConfigurationReference = EB0FFB0B305300C05B12FEB2 /* Pods-IaroshenkoHomework2.debug.xcconfig */;
			buildSettings = {
				CLANG_ENABLE_MODULES = YES;
				CODE_SIGN_STYLE = Automatic;
				CURRENT_PROJECT_VERSION = 1;
				DEFINES_MODULE = YES;
				DEVELOPMENT_TEAM = AX62LW76RU;
				DYLIB_COMPATIBILITY_VERSION = 1;
				DYLIB_CURRENT_VERSION = 1;
				DYLIB_INSTALL_NAME_BASE = "@rpath";
				GENERATE_INFOPLIST_FILE = YES;
				INFOPLIST_KEY_NSHumanReadableCopyright = "";
				INSTALL_PATH = "$(LOCAL_LIBRARY_DIR)/Frameworks";
				LD_RUNPATH_SEARCH_PATHS = (
					"$(inherited)",
					"@executable_path/Frameworks",
					"@loader_path/Frameworks",
				);
				MARKETING_VERSION = 1.0;
				PRODUCT_BUNDLE_IDENTIFIER = JackDaw.IaroshenkoHomework2;
				PRODUCT_NAME = "$(TARGET_NAME:c99extidentifier)";
				SKIP_INSTALL = YES;
				SWIFT_EMIT_LOC_STRINGS = YES;
				SWIFT_OPTIMIZATION_LEVEL = "-Onone";
				SWIFT_VERSION = 5.0;
				TARGETED_DEVICE_FAMILY = "1,2";
			};
			name = Debug;
		};
		FEC39A4529390C8100948C72 /* Release */ = {
			isa = XCBuildConfiguration;
			baseConfigurationReference = 15E80C536AE18E5DB33A0851 /* Pods-IaroshenkoHomework2.release.xcconfig */;
			buildSettings = {
				CLANG_ENABLE_MODULES = YES;
				CODE_SIGN_STYLE = Automatic;
				CURRENT_PROJECT_VERSION = 1;
				DEFINES_MODULE = YES;
				DEVELOPMENT_TEAM = AX62LW76RU;
				DYLIB_COMPATIBILITY_VERSION = 1;
				DYLIB_CURRENT_VERSION = 1;
				DYLIB_INSTALL_NAME_BASE = "@rpath";
				GENERATE_INFOPLIST_FILE = YES;
				INFOPLIST_KEY_NSHumanReadableCopyright = "";
				INSTALL_PATH = "$(LOCAL_LIBRARY_DIR)/Frameworks";
				LD_RUNPATH_SEARCH_PATHS = (
					"$(inherited)",
					"@executable_path/Frameworks",
					"@loader_path/Frameworks",
				);
				MARKETING_VERSION = 1.0;
				PRODUCT_BUNDLE_IDENTIFIER = JackDaw.IaroshenkoHomework2;
				PRODUCT_NAME = "$(TARGET_NAME:c99extidentifier)";
				SKIP_INSTALL = YES;
				SWIFT_EMIT_LOC_STRINGS = YES;
				SWIFT_VERSION = 5.0;
				TARGETED_DEVICE_FAMILY = "1,2";
			};
			name = Release;
		};
/* End XCBuildConfiguration section */

/* Begin XCConfigurationList section */
		FEC39A3629390C8100948C72 /* Build configuration list for PBXProject "IaroshenkoHomework2" */ = {
			isa = XCConfigurationList;
			buildConfigurations = (
				FEC39A4129390C8100948C72 /* Debug */,
				FEC39A4229390C8100948C72 /* Release */,
			);
			defaultConfigurationIsVisible = 0;
			defaultConfigurationName = Release;
		};
		FEC39A4329390C8100948C72 /* Build configuration list for PBXNativeTarget "IaroshenkoHomework2" */ = {
			isa = XCConfigurationList;
			buildConfigurations = (
				FEC39A4429390C8100948C72 /* Debug */,
				FEC39A4529390C8100948C72 /* Release */,
			);
			defaultConfigurationIsVisible = 0;
			defaultConfigurationName = Release;
		};
/* End XCConfigurationList section */

/* Begin XCRemoteSwiftPackageReference section */
		FEC39A4629390CAB00948C72 /* XCRemoteSwiftPackageReference "SnapKit" */ = {
			isa = XCRemoteSwiftPackageReference;
			repositoryURL = "https://github.com/SnapKit/SnapKit.git";
			requirement = {
				kind = upToNextMajorVersion;
				minimumVersion = 5.6.0;
			};
		};
		FEC39A6F293A7A0000948C72 /* XCRemoteSwiftPackageReference "OtusHomework" */ = {
			isa = XCRemoteSwiftPackageReference;
			repositoryURL = "https://github.com/NikkoGladkko/OtusHomework.git";
			requirement = {
				kind = upToNextMajorVersion;
				minimumVersion = 0.0.9;
			};
		};
/* End XCRemoteSwiftPackageReference section */

/* Begin XCSwiftPackageProductDependency section */
		FEC39A4729390CAB00948C72 /* SnapKit */ = {
			isa = XCSwiftPackageProductDependency;
			package = FEC39A4629390CAB00948C72 /* XCRemoteSwiftPackageReference "SnapKit" */;
			productName = SnapKit;
		};
		FEC39A70293A7A0000948C72 /* OtusHomework */ = {
			isa = XCSwiftPackageProductDependency;
			package = FEC39A6F293A7A0000948C72 /* XCRemoteSwiftPackageReference "OtusHomework" */;
			productName = OtusHomework;
		};
/* End XCSwiftPackageProductDependency section */
	};
	rootObject = FEC39A3329390C8100948C72 /* Project object */;
}
